
Microsoft Visual Studio Solution File, Format Version 12.00
# Visual Studio Version 17
VisualStudioVersion = 17.1.32407.343
MinimumVisualStudioVersion = 10.0.40219.1
Project("{FAE04EC0-301F-11D3-BF4B-00C04F79EFBC}") = "Library", "Library.csproj", "{531C0647-B986-44BC-AF95-D9344CEE3AD5}"
EndProject
Global
	GlobalSection(SolutionConfigurationPlatforms) = preSolution
		Debug|ARM = Debug|ARM
		Debug|ARM64 = Debug|ARM64
		Debug|x64 = Debug|x64
		Debug|x86 = Debug|x86
		Release|ARM = Release|ARM
		Release|ARM64 = Release|ARM64
		Release|x64 = Release|x64
		Release|x86 = Release|x86
	EndGlobalSection
	GlobalSection(ProjectConfigurationPlatforms) = postSolution
		{531C0647-B986-44BC-AF95-D9344CEE3AD5}.Debug|ARM.ActiveCfg = Debug|ARM
		{531C0647-B986-44BC-AF95-D9344CEE3AD5}.Debug|ARM.Build.0 = Debug|ARM
		{531C0647-B986-44BC-AF95-D9344CEE3AD5}.Debug|ARM.Deploy.0 = Debug|ARM
		{531C0647-B986-44BC-AF95-D9344CEE3AD5}.Debug|ARM64.ActiveCfg = Debug|ARM64
		{531C0647-B986-44BC-AF95-D9344CEE3AD5}.Debug|ARM64.Build.0 = Debug|ARM64
		{531C0647-B986-44BC-AF95-D9344CEE3AD5}.Debug|ARM64.Deploy.0 = Debug|ARM64
		{531C0647-B986-44BC-AF95-D9344CEE3AD5}.Debug|x64.ActiveCfg = Debug|x64
		{531C0647-B986-44BC-AF95-D9344CEE3AD5}.Debug|x64.Build.0 = Debug|x64
		{531C0647-B986-44BC-AF95-D9344CEE3AD5}.Debug|x64.Deploy.0 = Debug|x64
		{531C0647-B986-44BC-AF95-D9344CEE3AD5}.Debug|x86.ActiveCfg = Release|x64
		{531C0647-B986-44BC-AF95-D9344CEE3AD5}.Debug|x86.Build.0 = Release|x64
		{531C0647-B986-44BC-AF95-D9344CEE3AD5}.Debug|x86.Deploy.0 = Release|x64
		{531C0647-B986-44BC-AF95-D9344CEE3AD5}.Release|ARM.ActiveCfg = Release|ARM
		{531C0647-B986-44BC-AF95-D9344CEE3AD5}.Release|ARM.Build.0 = Release|ARM
		{531C0647-B986-44BC-AF95-D9344CEE3AD5}.Release|ARM.Deploy.0 = Release|ARM
		{531C0647-B986-44BC-AF95-D9344CEE3AD5}.Release|ARM64.ActiveCfg = Release|ARM64
		{531C0647-B986-44BC-AF95-D9344CEE3AD5}.Release|ARM64.Build.0 = Release|ARM64
		{531C0647-B986-44BC-AF95-D9344CEE3AD5}.Release|ARM64.Deploy.0 = Release|ARM64
		{531C0647-B986-44BC-AF95-D9344CEE3AD5}.Release|x64.ActiveCfg = Release|x64
		{531C0647-B986-44BC-AF95-D9344CEE3AD5}.Release|x64.Build.0 = Release|x64
		{531C0647-B986-44BC-AF95-D9344CEE3AD5}.Release|x64.Deploy.0 = Release|x64
		{531C0647-B986-44BC-AF95-D9344CEE3AD5}.Release|x86.ActiveCfg = Release|x86
		{531C0647-B986-44BC-AF95-D9344CEE3AD5}.Release|x86.Build.0 = Release|x86
		{531C0647-B986-44BC-AF95-D9344CEE3AD5}.Release|x86.Deploy.0 = Release|x86
	EndGlobalSection
	GlobalSection(SolutionProperties) = preSolution
		HideSolutionNode = FALSE
	EndGlobalSection
	GlobalSection(ExtensibilityGlobals) = postSolution
		SolutionGuid = {2ED6F351-5B20-407E-AE1B-C0E1105EAF64}
	EndGlobalSection
EndGlobal
